// !$*UTF8*$!
{
	archiveVersion = 1;
	classes = {
	};
	objectVersion = 55;
	objects = {

/* Begin PBXBuildFile section */
		526DA32725C967F800F98EE5 /* ContentView.swift in Sources */ = {isa = PBXBuildFile; fileRef = 526DA32625C967F800F98EE5 /* ContentView.swift */; };
		526DA32925C967F900F98EE5 /* Assets.xcassets in Resources */ = {isa = PBXBuildFile; fileRef = 526DA32825C967F900F98EE5 /* Assets.xcassets */; };
		526DA32C25C967F900F98EE5 /* Preview Assets.xcassets in Resources */ = {isa = PBXBuildFile; fileRef = 526DA32B25C967F900F98EE5 /* Preview Assets.xcassets */; };
		885205DD277C30D500698003 /* Data.swift in Sources */ = {isa = PBXBuildFile; fileRef = 885205DC277C30D500698003 /* Data.swift */; };
		885205DF277C30FF00698003 /* Home.swift in Sources */ = {isa = PBXBuildFile; fileRef = 885205DE277C30FF00698003 /* Home.swift */; };
		885205E1277C311900698003 /* UnsplashCarousel.swift in Sources */ = {isa = PBXBuildFile; fileRef = 885205E0277C311900698003 /* UnsplashCarousel.swift */; };
		885205E3277C313C00698003 /* ImagesOverlay.swift in Sources */ = {isa = PBXBuildFile; fileRef = 885205E2277C313C00698003 /* ImagesOverlay.swift */; };
/* End PBXBuildFile section */

/* Begin PBXFileReference section */
		526DA32125C967F800F98EE5 /* UnsplashCarousel.app */ = {isa = PBXFileReference; explicitFileType = wrapper.application; includeInIndex = 0; path = UnsplashCarousel.app; sourceTree = BUILT_PRODUCTS_DIR; };
		526DA32625C967F800F98EE5 /* ContentView.swift */ = {isa = PBXFileReference; lastKnownFileType = sourcecode.swift; path = ContentView.swift; sourceTree = "<group>"; };
		526DA32825C967F900F98EE5 /* Assets.xcassets */ = {isa = PBXFileReference; lastKnownFileType = folder.assetcatalog; path = Assets.xcassets; sourceTree = "<group>"; };
		526DA32B25C967F900F98EE5 /* Preview Assets.xcassets */ = {isa = PBXFileReference; lastKnownFileType = folder.assetcatalog; path = "Preview Assets.xcassets"; sourceTree = "<group>"; };
		526DA32D25C967F900F98EE5 /* Info.plist */ = {isa = PBXFileReference; lastKnownFileType = text.plist.xml; path = Info.plist; sourceTree = "<group>"; };
		885205DC277C30D500698003 /* Data.swift */ = {isa = PBXFileReference; lastKnownFileType = sourcecode.swift; path = Data.swift; sourceTree = "<group>"; };
		885205DE277C30FF00698003 /* Home.swift */ = {isa = PBXFileReference; lastKnownFileType = sourcecode.swift; path = Home.swift; sourceTree = "<group>"; };
		885205E0277C311900698003 /* UnsplashCarousel.swift */ = {isa = PBXFileReference; lastKnownFileType = sourcecode.swift; path = UnsplashCarousel.swift; sourceTree = "<group>"; };
		885205E2277C313C00698003 /* ImagesOverlay.swift */ = {isa = PBXFileReference; lastKnownFileType = sourcecode.swift; path = ImagesOverlay.swift; sourceTree = "<group>"; };
/* End PBXFileReference section */

/* Begin PBXFrameworksBuildPhase section */
		526DA31E25C967F800F98EE5 /* Frameworks */ = {
			isa = PBXFrameworksBuildPhase;
			buildActionMask = 2147483647;
			files = (
			);
			runOnlyForDeploymentPostprocessing = 0;
		};
/* End PBXFrameworksBuildPhase section */

/* Begin PBXGroup section */
		526DA31825C967F800F98EE5 = {
			isa = PBXGroup;
			children = (
				526DA32325C967F800F98EE5 /* UnsplashCarousel */,
				526DA32225C967F800F98EE5 /* Products */,
			);
			sourceTree = "<group>";
		};
		526DA32225C967F800F98EE5 /* Products */ = {
			isa = PBXGroup;
			children = (
				526DA32125C967F800F98EE5 /* UnsplashCarousel.app */,
			);
			name = Products;
			sourceTree = "<group>";
		};
		526DA32325C967F800F98EE5 /* UnsplashCarousel */ = {
			isa = PBXGroup;
			children = (
				526DA32625C967F800F98EE5 /* ContentView.swift */,
				885205DC277C30D500698003 /* Data.swift */,
				885205DE277C30FF00698003 /* Home.swift */,
				885205E2277C313C00698003 /* ImagesOverlay.swift */,
				885205E0277C311900698003 /* UnsplashCarousel.swift */,
				526DA32825C967F900F98EE5 /* Assets.xcassets */,
				526DA32D25C967F900F98EE5 /* Info.plist */,
				526DA32A25C967F900F98EE5 /* Preview Content */,
			);
			path = UnsplashCarousel;
			sourceTree = "<group>";
		};
		526DA32A25C967F900F98EE5 /* Preview Content */ = {
			isa = PBXGroup;
			children = (
				526DA32B25C967F900F98EE5 /* Preview Assets.xcassets */,
			);
			path = "Preview Content";
			sourceTree = "<group>";
		};
/* End PBXGroup section */

/* Begin PBXNativeTarget section */
		526DA32025C967F800F98EE5 /* UnsplashCarousel */ = {
			isa = PBXNativeTarget;
			buildConfigurationList = 526DA33025C967F900F98EE5 /* Build configuration list for PBXNativeTarget "UnsplashCarousel" */;
			buildPhases = (
				526DA31D25C967F800F98EE5 /* Sources */,
				526DA31E25C967F800F98EE5 /* Frameworks */,
				526DA31F25C967F800F98EE5 /* Resources */,
			);
			buildRules = (
			);
			dependencies = (
			);
			name = UnsplashCarousel;
			productName = ParallaxCarousel;
			productReference = 526DA32125C967F800F98EE5 /* UnsplashCarousel.app */;
			productType = "com.apple.product-type.application";
		};
/* End PBXNativeTarget section */

/* Begin PBXProject section */
		526DA31925C967F800F98EE5 /* Project object */ = {
			isa = PBXProject;
			attributes = {
				LastSwiftUpdateCheck = 1230;
				LastUpgradeCheck = 1230;
				ORGANIZATIONNAME = "Stavros Pachoundakis";
				TargetAttributes = {
					526DA32025C967F800F98EE5 = {
						CreatedOnToolsVersion = 12.3;
					};
				};
			};
			buildConfigurationList = 526DA31C25C967F800F98EE5 /* Build configuration list for PBXProject "UnsplashCarousel" */;
			compatibilityVersion = "Xcode 13.0";
			developmentRegion = en;
			hasScannedForEncodings = 0;
			knownRegions = (
				en,
				Base,
			);
			mainGroup = 526DA31825C967F800F98EE5;
			productRefGroup = 526DA32225C967F800F98EE5 /* Products */;
			projectDirPath = "";
			projectRoot = "";
			targets = (
				526DA32025C967F800F98EE5 /* UnsplashCarousel */,
			);
		};
/* End PBXProject section */

/* Begin PBXResourcesBuildPhase section */
		526DA31F25C967F800F98EE5 /* Resources */ = {
			isa = PBXResourcesBuildPhase;
			buildActionMask = 2147483647;
			files = (
				526DA32C25C967F900F98EE5 /* Preview Assets.xcassets in Resources */,
				526DA32925C967F900F98EE5 /* Assets.xcassets in Resources */,
			);
			runOnlyForDeploymentPostprocessing = 0;
		};
/* End PBXResourcesBuildPhase section */

/* Begin PBXSourcesBuildPhase section */
		526DA31D25C967F800F98EE5 /* Sources */ = {
			isa = PBXSourcesBuildPhase;
			buildActionMask = 2147483647;
			files = (
				526DA32725C967F800F98EE5 /* ContentView.swift in Sources */,
				885205E3277C313C00698003 /* ImagesOverlay.swift in Sources */,
				885205DD277C30D500698003 /* Data.swift in Sources */,
				885205E1277C311900698003 /* UnsplashCarousel.swift in Sources */,
				885205DF277C30FF00698003 /* Home.swift in Sources */,
			);
			runOnlyForDeploymentPostprocessing = 0;
		};
/* End PBXSourcesBuildPhase section */

/* Begin XCBuildConfiguration section */
		526DA32E25C967F900F98EE5 /* Debug */ = {
			isa = XCBuildConfiguration;
			buildSettings = {
				ALWAYS_SEARCH_USER_PATHS = NO;
				CLANG_ANALYZER_NONNULL = YES;
				CLANG_ANALYZER_NUMBER_OBJECT_CONVERSION = YES_AGGRESSIVE;
				CLANG_CXX_LANGUAGE_STANDARD = "gnu++14";
				CLANG_CXX_LIBRARY = "libc++";
				CLANG_ENABLE_MODULES = YES;
				CLANG_ENABLE_OBJC_ARC = YES;
				CLANG_ENABLE_OBJC_WEAK = YES;
				CLANG_WARN_BLOCK_CAPTURE_AUTORELEASING = YES;
				CLANG_WARN_BOOL_CONVERSION = YES;
				CLANG_WARN_COMMA = YES;
				CLANG_WARN_CONSTANT_CONVERSION = YES;
				CLANG_WARN_DEPRECATED_OBJC_IMPLEMENTATIONS = YES;
				CLANG_WARN_DIRECT_OBJC_ISA_USAGE = YES_ERROR;
				CLANG_WARN_DOCUMENTATION_COMMENTS = YES;
				CLANG_WARN_EMPTY_BODY = YES;
				CLANG_WARN_ENUM_CONVERSION = YES;
				CLANG_WARN_INFINITE_RECURSION = YES;
				CLANG_WARN_INT_CONVERSION = YES;
				CLANG_WARN_NON_LITERAL_NULL_CONVERSION = YES;
				CLANG_WARN_OBJC_IMPLICIT_RETAIN_SELF = YES;
				CLANG_WARN_OBJC_LITERAL_CONVERSION = YES;
				CLANG_WARN_OBJC_ROOT_CLASS = YES_ERROR;
				CLANG_WARN_QUOTED_INCLUDE_IN_FRAMEWORK_HEADER = YES;
				CLANG_WARN_RANGE_LOOP_ANALYSIS = YES;
				CLANG_WARN_STRICT_PROTOTYPES = YES;
				CLANG_WARN_SUSPICIOUS_MOVE = YES;
				CLANG_WARN_UNGUARDED_AVAILABILITY = YES_AGGRESSIVE;
				CLANG_WARN_UNREACHABLE_CODE = YES;
				CLANG_WARN__DUPLICATE_METHOD_MATCH = YES;
				COPY_PHASE_STRIP = NO;
				DEBUG_INFORMATION_FORMAT = dwarf;
				ENABLE_STRICT_OBJC_MSGSEND = YES;
				ENABLE_TESTABILITY = YES;
				GCC_C_LANGUAGE_STANDARD = gnu11;
				GCC_DYNAMIC_NO_PIC = NO;
				GCC_NO_COMMON_BLOCKS = YES;
				GCC_OPTIMIZATION_LEVEL = 0;
				GCC_PREPROCESSOR_DEFINITIONS = (
					"DEBUG=1",
					"$(inherited)",
				);
				GCC_WARN_64_TO_32_BIT_CONVERSION = YES;
				GCC_WARN_ABOUT_RETURN_TYPE = YES_ERROR;
				GCC_WARN_UNDECLARED_SELECTOR = YES;
				GCC_WARN_UNINITIALIZED_AUTOS = YES_AGGRESSIVE;
				GCC_WARN_UNUSED_FUNCTION = YES;
				GCC_WARN_UNUSED_VARIABLE = YES;
				IPHONEOS_DEPLOYMENT_TARGET = 14.3;
				MTL_ENABLE_DEBUG_INFO = INCLUDE_SOURCE;
				MTL_FAST_MATH = YES;
				ONLY_ACTIVE_ARCH = YES;
				SDKROOT = iphoneos;
				SWIFT_ACTIVE_COMPILATION_CONDITIONS = DEBUG;
				SWIFT_OPTIMIZATION_LEVEL = "-Onone";
			};
			name = Debug;
		};
		526DA32F25C967F900F98EE5 /* Release */ = {
			isa = XCBuildConfiguration;
			buildSettings = {
				ALWAYS_SEARCH_USER_PATHS = NO;
				CLANG_ANALYZER_NONNULL = YES;
				CLANG_ANALYZER_NUMBER_OBJECT_CONVERSION = YES_AGGRESSIVE;
				CLANG_CXX_LANGUAGE_STANDARD = "gnu++14";
				CLANG_CXX_LIBRARY = "libc++";
				CLANG_ENABLE_MODULES = YES;
				CLANG_ENABLE_OBJC_ARC = YES;
				CLANG_ENABLE_OBJC_WEAK = YES;
				CLANG_WARN_BLOCK_CAPTURE_AUTORELEASING = YES;
				CLANG_WARN_BOOL_CONVERSION = YES;
				CLANG_WARN_COMMA = YES;
				CLANG_WARN_CONSTANT_CONVERSION = YES;
				CLANG_WARN_DEPRECATED_OBJC_IMPLEMENTATIONS = YES;
				CLANG_WARN_DIRECT_OBJC_ISA_USAGE = YES_ERROR;
				CLANG_WARN_DOCUMENTATION_COMMENTS = YES;
				CLANG_WARN_EMPTY_BODY = YES;
				CLANG_WARN_ENUM_CONVERSION = YES;
				CLANG_WARN_INFINITE_RECURSION = YES;
				CLANG_WARN_INT_CONVERSION = YES;
				CLANG_WARN_NON_LITERAL_NULL_CONVERSION = YES;
				CLANG_WARN_OBJC_IMPLICIT_RETAIN_SELF = YES;
				CLANG_WARN_OBJC_LITERAL_CONVERSION = YES;
				CLANG_WARN_OBJC_ROOT_CLASS = YES_ERROR;
				CLANG_WARN_QUOTED_INCLUDE_IN_FRAMEWORK_HEADER = YES;
				CLANG_WARN_RANGE_LOOP_ANALYSIS = YES;
				CLANG_WARN_STRICT_PROTOTYPES = YES;
				CLANG_WARN_SUSPICIOUS_MOVE = YES;
				CLANG_WARN_UNGUARDED_AVAILABILITY = YES_AGGRESSIVE;
				CLANG_WARN_UNREACHABLE_CODE = YES;
				CLANG_WARN__DUPLICATE_METHOD_MATCH = YES;
				COPY_PHASE_STRIP = NO;
				DEBUG_INFORMATION_FORMAT = "dwarf-with-dsym";
				ENABLE_NS_ASSERTIONS = NO;
				ENABLE_STRICT_OBJC_MSGSEND = YES;
				GCC_C_LANGUAGE_STANDARD = gnu11;
				GCC_NO_COMMON_BLOCKS = YES;
				GCC_WARN_64_TO_32_BIT_CONVERSION = YES;
				GCC_WARN_ABOUT_RETURN_TYPE = YES_ERROR;
				GCC_WARN_UNDECLARED_SELECTOR = YES;
				GCC_WARN_UNINITIALIZED_AUTOS = YES_AGGRESSIVE;
				GCC_WARN_UNUSED_FUNCTION = YES;
				GCC_WARN_UNUSED_VARIABLE = YES;
				IPHONEOS_DEPLOYMENT_TARGET = 14.3;
				MTL_ENABLE_DEBUG_INFO = NO;
				MTL_FAST_MATH = YES;
				SDKROOT = iphoneos;
				SWIFT_COMPILATION_MODE = wholemodule;
				SWIFT_OPTIMIZATION_LEVEL = "-O";
				VALIDATE_PRODUCT = YES;
			};
			name = Release;
		};
		526DA33125C967F900F98EE5 /* Debug */ = {
			isa = XCBuildConfiguration;
			buildSettings = {
				ASSETCATALOG_COMPILER_APPICON_NAME = AppIcon;
				ASSETCATALOG_COMPILER_GLOBAL_ACCENT_COLOR_NAME = AccentColor;
				CODE_SIGN_STYLE = Automatic;
				DEVELOPMENT_ASSET_PATHS = "";
				DEVELOPMENT_TEAM = 7F797G8S24;
				ENABLE_PREVIEWS = YES;
				INFOPLIST_FILE = UnsplashCarousel/Info.plist;
				IPHONEOS_DEPLOYMENT_TARGET = 14.0;
				LD_RUNPATH_SEARCH_PATHS = (
					"$(inherited)",
					"@executable_path/Frameworks",
				);
				PRODUCT_BUNDLE_IDENTIFIER = com.stavros.unsplashView;
				PRODUCT_NAME = "$(TARGET_NAME)";
				SWIFT_VERSION = 5.0;
				TARGETED_DEVICE_FAMILY = 1;
			};
			name = Debug;
		};
		526DA33225C967F900F98EE5 /* Release */ = {
			isa = XCBuildConfiguration;
			buildSettings = {
				ASSETCATALOG_COMPILER_APPICON_NAME = AppIcon;
				ASSETCATALOG_COMPILER_GLOBAL_ACCENT_COLOR_NAME = AccentColor;
				CODE_SIGN_STYLE = Automatic;
				DEVELOPMENT_ASSET_PATHS = "";
				DEVELOPMENT_TEAM = 7F797G8S24;
				ENABLE_PREVIEWS = YES;
				INFOPLIST_FILE = UnsplashCarousel/Info.plist;
				IPHONEOS_DEPLOYMENT_TARGET = 14.0;
				LD_RUNPATH_SEARCH_PATHS = (
					"$(inherited)",
					"@executable_path/Frameworks",
				);
				PRODUCT_BUNDLE_IDENTIFIER = com.stavros.unsplashView;
				PRODUCT_NAME = "$(TARGET_NAME)";
				SWIFT_VERSION = 5.0;
				TARGETED_DEVICE_FAMILY = 1;
			};
			name = Release;
		};
/* End XCBuildConfiguration section */

/* Begin XCConfigurationList section */
		526DA31C25C967F800F98EE5 /* Build configuration list for PBXProject "UnsplashCarousel" */ = {
			isa = XCConfigurationList;
			buildConfigurations = (
				526DA32E25C967F900F98EE5 /* Debug */,
				526DA32F25C967F900F98EE5 /* Release */,
			);
			defaultConfigurationIsVisible = 0;
			defaultConfigurationName = Release;
		};
		526DA33025C967F900F98EE5 /* Build configuration list for PBXNativeTarget "UnsplashCarousel" */ = {
			isa = XCConfigurationList;
			buildConfigurations = (
				526DA33125C967F900F98EE5 /* Debug */,
				526DA33225C967F900F98EE5 /* Release */,
			);
			defaultConfigurationIsVisible = 0;
			defaultConfigurationName = Release;
		};
/* End XCConfigurationList section */
	};
	rootObject = 526DA31925C967F800F98EE5 /* Project object */;
}
